
Microsoft Visual Studio Solution File, Format Version 12.00
# Visual Studio Version 17
VisualStudioVersion = 17.12.35514.174
MinimumVisualStudioVersion = 10.0.40219.1
Project("{FAE04EC0-301F-11D3-BF4B-00C04F79EFBC}") = "Application", "Application\Application.csproj", "{0E5A7236-3772-4EDE-8454-960E34EA03E3}"
EndProject
Project("{FAE04EC0-301F-11D3-BF4B-00C04F79EFBC}") = "Infrastructure", "Infrastructure\Infrastructure.csproj", "{C9022EFD-29C1-4C6D-AB5F-A7D761E5F3E2}"
EndProject
Project("{FAE04EC0-301F-11D3-BF4B-00C04F79EFBC}") = "Domain", "Domain\Domain.csproj", "{7F849CF3-A0BB-4C9F-839C-7B19F7D84E1E}"
EndProject
Project("{2150E333-8FDC-42A3-9474-1A3956D46DE8}") = "Solution Items", "Solution Items", "{B29603A4-DE9C-4EA2-8298-09085B14AA1A}"
	ProjectSection(SolutionItems) = preProject
		.editorconfig = .editorconfig
	EndProjectSection
EndProject
Project("{FAE04EC0-301F-11D3-BF4B-00C04F79EFBC}") = "Application.Public", "Application.Public\Application.Public.csproj", "{9E5AF5C1-88B4-4ABD-B0C4-621C47DBCEFF}"
EndProject
Project("{FAE04EC0-301F-11D3-BF4B-00C04F79EFBC}") = "Domain.Public", "Domain.Public\Domain.Public.csproj", "{B2D6B56E-2F11-41DE-8B13-BEDBB70847B8}"
EndProject
Project("{FAE04EC0-301F-11D3-BF4B-00C04F79EFBC}") = "Presentation.API", "Presentation.API\Presentation.API.csproj", "{14CAF41B-9145-4082-94D6-4253807541BD}"
EndProject
Project("{FAE04EC0-301F-11D3-BF4B-00C04F79EFBC}") = "Presentation.Client", "Presentation.Client\Presentation.Client.csproj", "{ABFCECEC-F2B0-40BC-B5AC-7417FE4ABAB3}"
EndProject
Project("{FAE04EC0-301F-11D3-BF4B-00C04F79EFBC}") = "Presentation.Server", "Presentation.Server\Presentation.Server.csproj", "{9D50FC70-EC65-4DBD-AC37-D8AA107AB144}"
EndProject
Global
	GlobalSection(SolutionConfigurationPlatforms) = preSolution
		Debug|Any CPU = Debug|Any CPU
		Release|Any CPU = Release|Any CPU
	EndGlobalSection
	GlobalSection(ProjectConfigurationPlatforms) = postSolution
		{0E5A7236-3772-4EDE-8454-960E34EA03E3}.Debug|Any CPU.ActiveCfg = Debug|Any CPU
		{0E5A7236-3772-4EDE-8454-960E34EA03E3}.Debug|Any CPU.Build.0 = Debug|Any CPU
		{0E5A7236-3772-4EDE-8454-960E34EA03E3}.Release|Any CPU.ActiveCfg = Release|Any CPU
		{0E5A7236-3772-4EDE-8454-960E34EA03E3}.Release|Any CPU.Build.0 = Release|Any CPU
		{C9022EFD-29C1-4C6D-AB5F-A7D761E5F3E2}.Debug|Any CPU.ActiveCfg = Debug|Any CPU
		{C9022EFD-29C1-4C6D-AB5F-A7D761E5F3E2}.Debug|Any CPU.Build.0 = Debug|Any CPU
		{C9022EFD-29C1-4C6D-AB5F-A7D761E5F3E2}.Release|Any CPU.ActiveCfg = Release|Any CPU
		{C9022EFD-29C1-4C6D-AB5F-A7D761E5F3E2}.Release|Any CPU.Build.0 = Release|Any CPU
		{7F849CF3-A0BB-4C9F-839C-7B19F7D84E1E}.Debug|Any CPU.ActiveCfg = Debug|Any CPU
		{7F849CF3-A0BB-4C9F-839C-7B19F7D84E1E}.Debug|Any CPU.Build.0 = Debug|Any CPU
		{7F849CF3-A0BB-4C9F-839C-7B19F7D84E1E}.Release|Any CPU.ActiveCfg = Release|Any CPU
		{7F849CF3-A0BB-4C9F-839C-7B19F7D84E1E}.Release|Any CPU.Build.0 = Release|Any CPU
		{9E5AF5C1-88B4-4ABD-B0C4-621C47DBCEFF}.Debug|Any CPU.ActiveCfg = Debug|Any CPU
		{9E5AF5C1-88B4-4ABD-B0C4-621C47DBCEFF}.Debug|Any CPU.Build.0 = Debug|Any CPU
		{9E5AF5C1-88B4-4ABD-B0C4-621C47DBCEFF}.Release|Any CPU.ActiveCfg = Release|Any CPU
		{9E5AF5C1-88B4-4ABD-B0C4-621C47DBCEFF}.Release|Any CPU.Build.0 = Release|Any CPU
		{B2D6B56E-2F11-41DE-8B13-BEDBB70847B8}.Debug|Any CPU.ActiveCfg = Debug|Any CPU
		{B2D6B56E-2F11-41DE-8B13-BEDBB70847B8}.Debug|Any CPU.Build.0 = Debug|Any CPU
		{B2D6B56E-2F11-41DE-8B13-BEDBB70847B8}.Release|Any CPU.ActiveCfg = Release|Any CPU
		{B2D6B56E-2F11-41DE-8B13-BEDBB70847B8}.Release|Any CPU.Build.0 = Release|Any CPU
		{14CAF41B-9145-4082-94D6-4253807541BD}.Debug|Any CPU.ActiveCfg = Debug|Any CPU
		{14CAF41B-9145-4082-94D6-4253807541BD}.Debug|Any CPU.Build.0 = Debug|Any CPU
		{14CAF41B-9145-4082-94D6-4253807541BD}.Release|Any CPU.ActiveCfg = Release|Any CPU
		{14CAF41B-9145-4082-94D6-4253807541BD}.Release|Any CPU.Build.0 = Release|Any CPU
		{ABFCECEC-F2B0-40BC-B5AC-7417FE4ABAB3}.Debug|Any CPU.ActiveCfg = Debug|Any CPU
		{ABFCECEC-F2B0-40BC-B5AC-7417FE4ABAB3}.Debug|Any CPU.Build.0 = Debug|Any CPU
		{ABFCECEC-F2B0-40BC-B5AC-7417FE4ABAB3}.Release|Any CPU.ActiveCfg = Release|Any CPU
		{ABFCECEC-F2B0-40BC-B5AC-7417FE4ABAB3}.Release|Any CPU.Build.0 = Release|Any CPU
		{9D50FC70-EC65-4DBD-AC37-D8AA107AB144}.Debug|Any CPU.ActiveCfg = Debug|Any CPU
		{9D50FC70-EC65-4DBD-AC37-D8AA107AB144}.Debug|Any CPU.Build.0 = Debug|Any CPU
		{9D50FC70-EC65-4DBD-AC37-D8AA107AB144}.Release|Any CPU.ActiveCfg = Release|Any CPU
		{9D50FC70-EC65-4DBD-AC37-D8AA107AB144}.Release|Any CPU.Build.0 = Release|Any CPU
	EndGlobalSection
	GlobalSection(SolutionProperties) = preSolution
		HideSolutionNode = FALSE
	EndGlobalSection
EndGlobal
